{
  "name": "admin",
  "version": "1.0.0",
  "lockfileVersion": 1,
  "requires": true,
  "dependencies": {
    "screenfull": {
      "version": "4.2.1",
      "resolved": "https://registry.npmjs.org/screenfull/-/screenfull-4.2.1.tgz",
      "integrity": "sha512-PLSp6f5XdhvjCCCO8OjavRfzkSGL3Qmdm7P82bxyU8HDDDBhDV3UckRaYcRa/NDNTYt8YBpzjoLWHUAejmOjLg=="
    }
  }
}
